{
  "version": 4,
  "terraform_version": "1.14.2",
  "serial": 23,
  "lineage": "6cbc75d5-06a9-34c5-88df-03004f8b4116",
  "outputs": {
    "EC2_public_ip": {
      "value": "18.213.111.112",
      "type": "string"
    }
  },
  "resources": [
    {
      "module": "module.Ec2_infrastructure",
      "mode": "data",
      "type": "aws_ami",
      "name": "ubuntu",
      "provider": "module.Ec2_infrastructure.provider[\"registry.terraform.io/hashicorp/aws\"]",
      "instances": [
        {
          "schema_version": 0,
          "attributes": {
            "allow_unsafe_filter": null,
            "architecture": "x86_64",
            "arn": "arn:aws:ec2:us-east-1::image/ami-0030e4319cbf4dbf2",
            "block_device_mappings": [
              {
                "device_name": "/dev/sda1",
                "ebs": {
                  "delete_on_termination": "true",
                  "encrypted": "false",
                  "iops": "0",
                  "snapshot_id": "snap-010008dab571f972a",
                  "throughput": "0",
                  "volume_initialization_rate": "0",
                  "volume_size": "8",
                  "volume_type": "gp2"
                },
                "no_device": "",
                "virtual_name": ""
              },
              {
                "device_name": "/dev/sdb",
                "ebs": {},
                "no_device": "",
                "virtual_name": "ephemeral0"
              },
              {
                "device_name": "/dev/sdc",
                "ebs": {},
                "no_device": "",
                "virtual_name": "ephemeral1"
              }
            ],
            "boot_mode": "uefi-preferred",
            "creation_date": "2025-12-12T06:54:36.000Z",
            "deprecation_time": "2027-12-12T06:54:36.000Z",
            "description": "Canonical, Ubuntu, 22.04, amd64 jammy image",
            "ena_support": true,
            "executable_users": null,
            "filter": [
              {
                "name": "name",
                "values": [
                  "ubuntu/images/hvm-ssd/ubuntu-jammy-22.04-amd64-server-*"
                ]
              }
            ],
            "hypervisor": "xen",
            "id": "ami-0030e4319cbf4dbf2",
            "image_id": "ami-0030e4319cbf4dbf2",
            "image_location": "amazon/ubuntu/images/hvm-ssd/ubuntu-jammy-22.04-amd64-server-20251212",
            "image_owner_alias": "amazon",
            "image_type": "machine",
            "imds_support": "",
            "include_deprecated": false,
            "kernel_id": "",
            "last_launched_time": "",
            "most_recent": true,
            "name": "ubuntu/images/hvm-ssd/ubuntu-jammy-22.04-amd64-server-20251212",
            "name_regex": null,
            "owner_id": "099720109477",
            "owners": [
              "099720109477"
            ],
            "platform": "",
            "platform_details": "Linux/UNIX",
            "product_codes": [],
            "public": true,
            "ramdisk_id": "",
            "region": "us-east-1",
            "root_device_name": "/dev/sda1",
            "root_device_type": "ebs",
            "root_snapshot_id": "snap-010008dab571f972a",
            "sriov_net_support": "simple",
            "state": "available",
            "state_reason": {
              "code": "UNSET",
              "message": "UNSET"
            },
            "tags": {},
            "timeouts": null,
            "tpm_support": "",
            "uefi_data": null,
            "usage_operation": "RunInstances",
            "virtualization_type": "hvm"
          },
          "sensitive_attributes": [],
          "identity_schema_version": 0
        }
      ]
    },
    {
      "module": "module.Ec2_infrastructure",
      "mode": "data",
      "type": "aws_caller_identity",
      "name": "current",
      "provider": "module.Ec2_infrastructure.provider[\"registry.terraform.io/hashicorp/aws\"]",
      "instances": [
        {
          "schema_version": 0,
          "attributes": {
            "account_id": "967054606332",
            "arn": "arn:aws:sts::967054606332:assumed-role/voclabs/user4603909=student208201+67",
            "id": "967054606332",
            "user_id": "AROA6CKHSH76K64KGZAF4:user4603909=student208201+67"
          },
          "sensitive_attributes": [],
          "identity_schema_version": 0
        }
      ]
    },
    {
      "module": "module.Ec2_infrastructure",
      "mode": "data",
      "type": "aws_iam_policy_document",
      "name": "TLS_main",
      "provider": "module.Ec2_infrastructure.provider[\"registry.terraform.io/hashicorp/aws\"]",
      "instances": [
        {
          "schema_version": 0,
          "attributes": {
            "id": "1183096999",
            "json": "{\n  \"Version\": \"2012-10-17\",\n  \"Statement\": [\n    {\n      \"Sid\": \"DenyInsecureTransport\",\n      \"Effect\": \"Deny\",\n      \"Action\": \"s3:*\",\n      \"Resource\": [\n        \"arn:aws:s3:::riwajmainbucket836254352/*\",\n        \"arn:aws:s3:::riwajmainbucket836254352\"\n      ],\n      \"Principal\": \"*\",\n      \"Condition\": {\n        \"Bool\": {\n          \"aws:SecureTransport\": \"false\"\n        }\n      }\n    }\n  ]\n}",
            "minified_json": "{\"Version\":\"2012-10-17\",\"Statement\":[{\"Sid\":\"DenyInsecureTransport\",\"Effect\":\"Deny\",\"Action\":\"s3:*\",\"Resource\":[\"arn:aws:s3:::riwajmainbucket836254352/*\",\"arn:aws:s3:::riwajmainbucket836254352\"],\"Principal\":\"*\",\"Condition\":{\"Bool\":{\"aws:SecureTransport\":\"false\"}}}]}",
            "override_json": null,
            "override_policy_documents": null,
            "policy_id": null,
            "source_json": null,
            "source_policy_documents": null,
            "statement": [
              {
                "actions": [
                  "s3:*"
                ],
                "condition": [
                  {
                    "test": "Bool",
                    "values": [
                      "false"
                    ],
                    "variable": "aws:SecureTransport"
                  }
                ],
                "effect": "Deny",
                "not_actions": [],
                "not_principals": [],
                "not_resources": [],
                "principals": [
                  {
                    "identifiers": [
                      "*"
                    ],
                    "type": "*"
                  }
                ],
                "resources": [
                  "arn:aws:s3:::riwajmainbucket836254352",
                  "arn:aws:s3:::riwajmainbucket836254352/*"
                ],
                "sid": "DenyInsecureTransport"
              }
            ],
            "version": "2012-10-17"
          },
          "sensitive_attributes": [],
          "identity_schema_version": 0
        }
      ]
    },
    {
      "module": "module.Ec2_infrastructure",
      "mode": "data",
      "type": "aws_iam_policy_document",
      "name": "log_bucket_policy",
      "provider": "module.Ec2_infrastructure.provider[\"registry.terraform.io/hashicorp/aws\"]",
      "instances": [
        {
          "schema_version": 0,
          "attributes": {
            "id": "1520312868",
            "json": "{\n  \"Version\": \"2012-10-17\",\n  \"Statement\": [\n    {\n      \"Sid\": \"AllowS3LoggingAcl\",\n      \"Effect\": \"Allow\",\n      \"Action\": \"s3:GetBucketAcl\",\n      \"Resource\": \"arn:aws:s3:::riwajlogbucket836254352\",\n      \"Principal\": {\n        \"Service\": \"logging.s3.amazonaws.com\"\n      }\n    },\n    {\n      \"Sid\": \"AllowS3LoggingWrite\",\n      \"Effect\": \"Allow\",\n      \"Action\": \"s3:PutObject\",\n      \"Resource\": \"arn:aws:s3:::riwajlogbucket836254352/access_logs/*\",\n      \"Principal\": {\n        \"Service\": \"logging.s3.amazonaws.com\"\n      },\n      \"Condition\": {\n        \"ArnLike\": {\n          \"aws:SourceArn\": \"arn:aws:s3:::riwajmainbucket836254352/*\"\n        },\n        \"StringEquals\": {\n          \"aws:SourceAccount\": \"967054606332\"\n        }\n      }\n    }\n  ]\n}",
            "minified_json": "{\"Version\":\"2012-10-17\",\"Statement\":[{\"Sid\":\"AllowS3LoggingAcl\",\"Effect\":\"Allow\",\"Action\":\"s3:GetBucketAcl\",\"Resource\":\"arn:aws:s3:::riwajlogbucket836254352\",\"Principal\":{\"Service\":\"logging.s3.amazonaws.com\"}},{\"Sid\":\"AllowS3LoggingWrite\",\"Effect\":\"Allow\",\"Action\":\"s3:PutObject\",\"Resource\":\"arn:aws:s3:::riwajlogbucket836254352/access_logs/*\",\"Principal\":{\"Service\":\"logging.s3.amazonaws.com\"},\"Condition\":{\"ArnLike\":{\"aws:SourceArn\":\"arn:aws:s3:::riwajmainbucket836254352/*\"},\"StringEquals\":{\"aws:SourceAccount\":\"967054606332\"}}}]}",
            "override_json": null,
            "override_policy_documents": null,
            "policy_id": null,
            "source_json": null,
            "source_policy_documents": null,
            "statement": [
              {
                "actions": [
                  "s3:GetBucketAcl"
                ],
                "condition": [],
                "effect": "Allow",
                "not_actions": [],
                "not_principals": [],
                "not_resources": [],
                "principals": [
                  {
                    "identifiers": [
                      "logging.s3.amazonaws.com"
                    ],
                    "type": "Service"
                  }
                ],
                "resources": [
                  "arn:aws:s3:::riwajlogbucket836254352"
                ],
                "sid": "AllowS3LoggingAcl"
              },
              {
                "actions": [
                  "s3:PutObject"
                ],
                "condition": [
                  {
                    "test": "ArnLike",
                    "values": [
                      "arn:aws:s3:::riwajmainbucket836254352/*"
                    ],
                    "variable": "aws:SourceArn"
                  },
                  {
                    "test": "StringEquals",
                    "values": [
                      "967054606332"
                    ],
                    "variable": "aws:SourceAccount"
                  }
                ],
                "effect": "Allow",
                "not_actions": [],
                "not_principals": [],
                "not_resources": [],
                "principals": [
                  {
                    "identifiers": [
                      "logging.s3.amazonaws.com"
                    ],
                    "type": "Service"
                  }
                ],
                "resources": [
                  "arn:aws:s3:::riwajlogbucket836254352/access_logs/*"
                ],
                "sid": "AllowS3LoggingWrite"
              }
            ],
            "version": "2012-10-17"
          },
          "sensitive_attributes": [],
          "identity_schema_version": 0
        }
      ]
    },
    {
      "module": "module.Ec2_infrastructure",
      "mode": "managed",
      "type": "aws_instance",
      "name": "server",
      "provider": "module.Ec2_infrastructure.provider[\"registry.terraform.io/hashicorp/aws\"]",
      "instances": [
        {
          "schema_version": 2,
          "attributes": {
            "ami": "ami-0030e4319cbf4dbf2",
            "arn": "arn:aws:ec2:us-east-1:967054606332:instance/i-0dcf66a35ca50ee16",
            "associate_public_ip_address": true,
            "availability_zone": "us-east-1a",
            "capacity_reservation_specification": [
              {
                "capacity_reservation_preference": "open",
                "capacity_reservation_target": []
              }
            ],
            "cpu_options": [
              {
                "amd_sev_snp": "",
                "core_count": 1,
                "threads_per_core": 2
              }
            ],
            "credit_specification": [
              {
                "cpu_credits": "unlimited"
              }
            ],
            "disable_api_stop": false,
            "disable_api_termination": false,
            "ebs_block_device": [],
            "ebs_optimized": false,
            "enable_primary_ipv6": null,
            "enclave_options": [
              {
                "enabled": false
              }
            ],
            "ephemeral_block_device": [],
            "force_destroy": false,
            "get_password_data": false,
            "hibernation": false,
            "host_id": "",
            "host_resource_group_arn": null,
            "iam_instance_profile": "",
            "id": "i-0dcf66a35ca50ee16",
            "instance_initiated_shutdown_behavior": "stop",
            "instance_lifecycle": "",
            "instance_market_options": [],
            "instance_state": "running",
            "instance_type": "t3.micro",
            "ipv6_address_count": 0,
            "ipv6_addresses": [],
            "key_name": "",
            "launch_template": [],
            "maintenance_options": [
              {
                "auto_recovery": "default"
              }
            ],
            "metadata_options": [
              {
                "http_endpoint": "enabled",
                "http_protocol_ipv6": "disabled",
                "http_put_response_hop_limit": 1,
                "http_tokens": "optional",
                "instance_metadata_tags": "disabled"
              }
            ],
            "monitoring": false,
            "network_interface": [],
            "outpost_arn": "",
            "password_data": "",
            "placement_group": "",
            "placement_group_id": "",
            "placement_partition_number": 0,
            "primary_network_interface": [
              {
                "delete_on_termination": true,
                "network_interface_id": "eni-07595be4019c846d3"
              }
            ],
            "primary_network_interface_id": "eni-07595be4019c846d3",
            "private_dns": "ip-10-0-1-189.ec2.internal",
            "private_dns_name_options": [
              {
                "enable_resource_name_dns_a_record": false,
                "enable_resource_name_dns_aaaa_record": false,
                "hostname_type": "ip-name"
              }
            ],
            "private_ip": "10.0.1.189",
            "public_dns": "",
            "public_ip": "18.213.111.112",
            "region": "us-east-1",
            "root_block_device": [
              {
                "delete_on_termination": true,
                "device_name": "/dev/sda1",
                "encrypted": false,
                "iops": 100,
                "kms_key_id": "",
                "tags": {},
                "tags_all": {},
                "throughput": 0,
                "volume_id": "vol-085d2670ec283887e",
                "volume_size": 8,
                "volume_type": "gp2"
              }
            ],
            "secondary_private_ips": [],
            "security_groups": [],
            "source_dest_check": true,
            "spot_instance_request_id": "",
            "subnet_id": "subnet-0a7df25e3f294620a",
            "tags": {
              "Name": "My-Server"
            },
            "tags_all": {
              "Name": "My-Server"
            },
            "tenancy": "default",
            "timeouts": null,
            "user_data": null,
            "user_data_base64": null,
            "user_data_replace_on_change": false,
            "volume_tags": null,
            "vpc_security_group_ids": [
              "sg-0b5b906391e8c27c6"
            ]
          },
          "sensitive_attributes": [],
          "identity_schema_version": 0,
          "identity": {
            "account_id": "967054606332",
            "id": "i-0dcf66a35ca50ee16",
            "region": "us-east-1"
          },
          "private": "eyJlMmJmYjczMC1lY2FhLTExZTYtOGY4OC0zNDM2M2JjN2M0YzAiOnsiY3JlYXRlIjo2MDAwMDAwMDAwMDAsImRlbGV0ZSI6MTIwMDAwMDAwMDAwMCwicmVhZCI6OTAwMDAwMDAwMDAwLCJ1cGRhdGUiOjYwMDAwMDAwMDAwMH0sInNjaGVtYV92ZXJzaW9uIjoiMiJ9",
          "dependencies": [
            "module.Ec2_infrastructure.aws_security_group.EC2SG",
            "module.Ec2_infrastructure.aws_subnet.EC2_subnet",
            "module.Ec2_infrastructure.aws_vpc.EC2_VPC",
            "module.Ec2_infrastructure.data.aws_ami.ubuntu"
          ]
        }
      ]
    },
    {
      "module": "module.Ec2_infrastructure",
      "mode": "managed",
      "type": "aws_internet_gateway",
      "name": "EC2_IGW",
      "provider": "module.Ec2_infrastructure.provider[\"registry.terraform.io/hashicorp/aws\"]",
      "instances": [
        {
          "schema_version": 0,
          "attributes": {
            "arn": "arn:aws:ec2:us-east-1:967054606332:internet-gateway/igw-001b7f0675bef8599",
            "id": "igw-001b7f0675bef8599",
            "owner_id": "967054606332",
            "region": "us-east-1",
            "tags": {
              "Name": "VPC_IGW"
            },
            "tags_all": {
              "Name": "VPC_IGW"
            },
            "timeouts": null,
            "vpc_id": "vpc-0b7d806def4a46cab"
          },
          "sensitive_attributes": [],
          "identity_schema_version": 0,
          "private": "eyJlMmJmYjczMC1lY2FhLTExZTYtOGY4OC0zNDM2M2JjN2M0YzAiOnsiY3JlYXRlIjoxMjAwMDAwMDAwMDAwLCJkZWxldGUiOjEyMDAwMDAwMDAwMDAsInVwZGF0ZSI6MTIwMDAwMDAwMDAwMH19",
          "dependencies": [
            "module.Ec2_infrastructure.aws_vpc.EC2_VPC"
          ]
        }
      ]
    },
    {
      "module": "module.Ec2_infrastructure",
      "mode": "managed",
      "type": "aws_route_table",
      "name": "public_route",
      "provider": "module.Ec2_infrastructure.provider[\"registry.terraform.io/hashicorp/aws\"]",
      "instances": [
        {
          "schema_version": 0,
          "attributes": {
            "arn": "arn:aws:ec2:us-east-1:967054606332:route-table/rtb-0609b144d27b0d8a7",
            "id": "rtb-0609b144d27b0d8a7",
            "owner_id": "967054606332",
            "propagating_vgws": [],
            "region": "us-east-1",
            "route": [
              {
                "carrier_gateway_id": "",
                "cidr_block": "0.0.0.0/0",
                "core_network_arn": "",
                "destination_prefix_list_id": "",
                "egress_only_gateway_id": "",
                "gateway_id": "igw-001b7f0675bef8599",
                "ipv6_cidr_block": "",
                "local_gateway_id": "",
                "nat_gateway_id": "",
                "network_interface_id": "",
                "transit_gateway_id": "",
                "vpc_endpoint_id": "",
                "vpc_peering_connection_id": ""
              }
            ],
            "tags": {
              "Name": "public-route"
            },
            "tags_all": {
              "Name": "public-route"
            },
            "timeouts": null,
            "vpc_id": "vpc-0b7d806def4a46cab"
          },
          "sensitive_attributes": [],
          "identity_schema_version": 0,
          "identity": {
            "account_id": "967054606332",
            "id": "rtb-0609b144d27b0d8a7",
            "region": "us-east-1"
          },
          "private": "eyJlMmJmYjczMC1lY2FhLTExZTYtOGY4OC0zNDM2M2JjN2M0YzAiOnsiY3JlYXRlIjozMDAwMDAwMDAwMDAsImRlbGV0ZSI6MzAwMDAwMDAwMDAwLCJ1cGRhdGUiOjEyMDAwMDAwMDAwMH19",
          "dependencies": [
            "module.Ec2_infrastructure.aws_internet_gateway.EC2_IGW",
            "module.Ec2_infrastructure.aws_vpc.EC2_VPC"
          ]
        }
      ]
    },
    {
      "module": "module.Ec2_infrastructure",
      "mode": "managed",
      "type": "aws_route_table_association",
      "name": "public-asso",
      "provider": "module.Ec2_infrastructure.provider[\"registry.terraform.io/hashicorp/aws\"]",
      "instances": [
        {
          "schema_version": 0,
          "attributes": {
            "gateway_id": "",
            "id": "rtbassoc-02cc28bb3b44d77c0",
            "region": "us-east-1",
            "route_table_id": "rtb-0609b144d27b0d8a7",
            "subnet_id": "subnet-0a7df25e3f294620a",
            "timeouts": null
          },
          "sensitive_attributes": [],
          "identity_schema_version": 0,
          "private": "eyJlMmJmYjczMC1lY2FhLTExZTYtOGY4OC0zNDM2M2JjN2M0YzAiOnsiY3JlYXRlIjozMDAwMDAwMDAwMDAsImRlbGV0ZSI6MzAwMDAwMDAwMDAwLCJ1cGRhdGUiOjEyMDAwMDAwMDAwMH19",
          "dependencies": [
            "module.Ec2_infrastructure.aws_internet_gateway.EC2_IGW",
            "module.Ec2_infrastructure.aws_route_table.public_route",
            "module.Ec2_infrastructure.aws_subnet.EC2_subnet",
            "module.Ec2_infrastructure.aws_vpc.EC2_VPC"
          ]
        }
      ]
    },
    {
      "module": "module.Ec2_infrastructure",
      "mode": "managed",
      "type": "aws_s3_bucket",
      "name": "logbucket",
      "provider": "module.Ec2_infrastructure.provider[\"registry.terraform.io/hashicorp/aws\"]",
      "instances": [
        {
          "schema_version": 0,
          "attributes": {
            "acceleration_status": "",
            "acl": null,
            "arn": "arn:aws:s3:::riwajlogbucket836254352",
            "bucket": "riwajlogbucket836254352",
            "bucket_domain_name": "riwajlogbucket836254352.s3.amazonaws.com",
            "bucket_prefix": "",
            "bucket_region": "us-east-1",
            "bucket_regional_domain_name": "riwajlogbucket836254352.s3.us-east-1.amazonaws.com",
            "cors_rule": [],
            "force_destroy": false,
            "grant": [
              {
                "id": "60cd378c53b3b69384ded98c0aeeadc643188222bd7444e9bd803ee8de44313d",
                "permissions": [
                  "FULL_CONTROL"
                ],
                "type": "CanonicalUser",
                "uri": ""
              }
            ],
            "hosted_zone_id": "Z3AQBSTGFYJSTF",
            "id": "riwajlogbucket836254352",
            "lifecycle_rule": [],
            "logging": [],
            "object_lock_configuration": [],
            "object_lock_enabled": false,
            "policy": "",
            "region": "us-east-1",
            "replication_configuration": [],
            "request_payer": "BucketOwner",
            "server_side_encryption_configuration": [
              {
                "rule": [
                  {
                    "apply_server_side_encryption_by_default": [
                      {
                        "kms_master_key_id": "",
                        "sse_algorithm": "AES256"
                      }
                    ],
                    "bucket_key_enabled": false
                  }
                ]
              }
            ],
            "tags": {
              "Name": "S3-log-bucket"
            },
            "tags_all": {
              "Name": "S3-log-bucket"
            },
            "timeouts": null,
            "versioning": [
              {
                "enabled": false,
                "mfa_delete": false
              }
            ],
            "website": [],
            "website_domain": null,
            "website_endpoint": null
          },
          "sensitive_attributes": [],
          "identity_schema_version": 0,
          "identity": {
            "account_id": "967054606332",
            "bucket": "riwajlogbucket836254352",
            "region": "us-east-1"
          },
          "private": "eyJlMmJmYjczMC1lY2FhLTExZTYtOGY4OC0zNDM2M2JjN2M0YzAiOnsiY3JlYXRlIjoxMjAwMDAwMDAwMDAwLCJkZWxldGUiOjM2MDAwMDAwMDAwMDAsInJlYWQiOjEyMDAwMDAwMDAwMDAsInVwZGF0ZSI6MTIwMDAwMDAwMDAwMH19"
        }
      ]
    },
    {
      "module": "module.Ec2_infrastructure",
      "mode": "managed",
      "type": "aws_s3_bucket",
      "name": "main_bucket",
      "provider": "module.Ec2_infrastructure.provider[\"registry.terraform.io/hashicorp/aws\"]",
      "instances": [
        {
          "schema_version": 0,
          "attributes": {
            "acceleration_status": "",
            "acl": null,
            "arn": "arn:aws:s3:::riwajmainbucket836254352",
            "bucket": "riwajmainbucket836254352",
            "bucket_domain_name": "riwajmainbucket836254352.s3.amazonaws.com",
            "bucket_prefix": "",
            "bucket_region": "us-east-1",
            "bucket_regional_domain_name": "riwajmainbucket836254352.s3.us-east-1.amazonaws.com",
            "cors_rule": [],
            "force_destroy": false,
            "grant": [
              {
                "id": "60cd378c53b3b69384ded98c0aeeadc643188222bd7444e9bd803ee8de44313d",
                "permissions": [
                  "FULL_CONTROL"
                ],
                "type": "CanonicalUser",
                "uri": ""
              }
            ],
            "hosted_zone_id": "Z3AQBSTGFYJSTF",
            "id": "riwajmainbucket836254352",
            "lifecycle_rule": [],
            "logging": [],
            "object_lock_configuration": [],
            "object_lock_enabled": false,
            "policy": "",
            "region": "us-east-1",
            "replication_configuration": [],
            "request_payer": "BucketOwner",
            "server_side_encryption_configuration": [
              {
                "rule": [
                  {
                    "apply_server_side_encryption_by_default": [
                      {
                        "kms_master_key_id": "",
                        "sse_algorithm": "AES256"
                      }
                    ],
                    "bucket_key_enabled": false
                  }
                ]
              }
            ],
            "tags": {
              "Name": "my_s3"
            },
            "tags_all": {
              "Name": "my_s3"
            },
            "timeouts": null,
            "versioning": [
              {
                "enabled": false,
                "mfa_delete": false
              }
            ],
            "website": [],
            "website_domain": null,
            "website_endpoint": null
          },
          "sensitive_attributes": [],
          "identity_schema_version": 0,
          "identity": {
            "account_id": "967054606332",
            "bucket": "riwajmainbucket836254352",
            "region": "us-east-1"
          },
          "private": "eyJlMmJmYjczMC1lY2FhLTExZTYtOGY4OC0zNDM2M2JjN2M0YzAiOnsiY3JlYXRlIjoxMjAwMDAwMDAwMDAwLCJkZWxldGUiOjM2MDAwMDAwMDAwMDAsInJlYWQiOjEyMDAwMDAwMDAwMDAsInVwZGF0ZSI6MTIwMDAwMDAwMDAwMH19"
        }
      ]
    },
    {
      "module": "module.Ec2_infrastructure",
      "mode": "managed",
      "type": "aws_s3_bucket_logging",
      "name": "main_log",
      "provider": "module.Ec2_infrastructure.provider[\"registry.terraform.io/hashicorp/aws\"]",
      "instances": [
        {
          "schema_version": 0,
          "attributes": {
            "bucket": "riwajmainbucket836254352",
            "expected_bucket_owner": "",
            "id": "riwajmainbucket836254352",
            "region": "us-east-1",
            "target_bucket": "riwajlogbucket836254352",
            "target_grant": [],
            "target_object_key_format": [],
            "target_prefix": "access_logs/"
          },
          "sensitive_attributes": [],
          "identity_schema_version": 0,
          "identity": {
            "account_id": "967054606332",
            "bucket": "riwajmainbucket836254352",
            "expected_bucket_owner": null,
            "region": "us-east-1"
          },
          "private": "bnVsbA==",
          "dependencies": [
            "module.Ec2_infrastructure.aws_s3_bucket.logbucket",
            "module.Ec2_infrastructure.aws_s3_bucket.main_bucket"
          ]
        }
      ]
    },
    {
      "module": "module.Ec2_infrastructure",
      "mode": "managed",
      "type": "aws_s3_bucket_ownership_controls",
      "name": "OC_log",
      "provider": "module.Ec2_infrastructure.provider[\"registry.terraform.io/hashicorp/aws\"]",
      "instances": [
        {
          "schema_version": 0,
          "attributes": {
            "bucket": "riwajlogbucket836254352",
            "id": "riwajlogbucket836254352",
            "region": "us-east-1",
            "rule": [
              {
                "object_ownership": "BucketOwnerEnforced"
              }
            ]
          },
          "sensitive_attributes": [],
          "identity_schema_version": 0,
          "identity": {
            "account_id": "967054606332",
            "bucket": "riwajlogbucket836254352",
            "region": "us-east-1"
          },
          "private": "bnVsbA==",
          "dependencies": [
            "module.Ec2_infrastructure.aws_s3_bucket.logbucket"
          ]
        }
      ]
    },
    {
      "module": "module.Ec2_infrastructure",
      "mode": "managed",
      "type": "aws_s3_bucket_ownership_controls",
      "name": "OC_main",
      "provider": "module.Ec2_infrastructure.provider[\"registry.terraform.io/hashicorp/aws\"]",
      "instances": [
        {
          "schema_version": 0,
          "attributes": {
            "bucket": "riwajmainbucket836254352",
            "id": "riwajmainbucket836254352",
            "region": "us-east-1",
            "rule": [
              {
                "object_ownership": "BucketOwnerEnforced"
              }
            ]
          },
          "sensitive_attributes": [],
          "identity_schema_version": 0,
          "identity": {
            "account_id": "967054606332",
            "bucket": "riwajmainbucket836254352",
            "region": "us-east-1"
          },
          "private": "bnVsbA==",
          "dependencies": [
            "module.Ec2_infrastructure.aws_s3_bucket.main_bucket"
          ]
        }
      ]
    },
    {
      "module": "module.Ec2_infrastructure",
      "mode": "managed",
      "type": "aws_s3_bucket_policy",
      "name": "TLS_main",
      "provider": "module.Ec2_infrastructure.provider[\"registry.terraform.io/hashicorp/aws\"]",
      "instances": [
        {
          "schema_version": 0,
          "attributes": {
            "bucket": "riwajmainbucket836254352",
            "id": "riwajmainbucket836254352",
            "policy": "{\"Statement\":[{\"Action\":\"s3:*\",\"Condition\":{\"Bool\":{\"aws:SecureTransport\":\"false\"}},\"Effect\":\"Deny\",\"Principal\":\"*\",\"Resource\":[\"arn:aws:s3:::riwajmainbucket836254352/*\",\"arn:aws:s3:::riwajmainbucket836254352\"],\"Sid\":\"DenyInsecureTransport\"}],\"Version\":\"2012-10-17\"}",
            "region": "us-east-1"
          },
          "sensitive_attributes": [],
          "identity_schema_version": 0,
          "identity": {
            "account_id": "967054606332",
            "bucket": "riwajmainbucket836254352",
            "region": "us-east-1"
          },
          "private": "bnVsbA==",
          "dependencies": [
            "module.Ec2_infrastructure.aws_s3_bucket.main_bucket",
            "module.Ec2_infrastructure.data.aws_iam_policy_document.TLS_main"
          ]
        }
      ]
    },
    {
      "module": "module.Ec2_infrastructure",
      "mode": "managed",
      "type": "aws_s3_bucket_policy",
      "name": "log_bucket",
      "provider": "module.Ec2_infrastructure.provider[\"registry.terraform.io/hashicorp/aws\"]",
      "instances": [
        {
          "schema_version": 0,
          "attributes": {
            "bucket": "riwajlogbucket836254352",
            "id": "riwajlogbucket836254352",
            "policy": "{\"Statement\":[{\"Action\":\"s3:GetBucketAcl\",\"Effect\":\"Allow\",\"Principal\":{\"Service\":\"logging.s3.amazonaws.com\"},\"Resource\":\"arn:aws:s3:::riwajlogbucket836254352\",\"Sid\":\"AllowS3LoggingAcl\"},{\"Action\":\"s3:PutObject\",\"Condition\":{\"ArnLike\":{\"aws:SourceArn\":\"arn:aws:s3:::riwajmainbucket836254352/*\"},\"StringEquals\":{\"aws:SourceAccount\":\"967054606332\"}},\"Effect\":\"Allow\",\"Principal\":{\"Service\":\"logging.s3.amazonaws.com\"},\"Resource\":\"arn:aws:s3:::riwajlogbucket836254352/access_logs/*\",\"Sid\":\"AllowS3LoggingWrite\"}],\"Version\":\"2012-10-17\"}",
            "region": "us-east-1"
          },
          "sensitive_attributes": [],
          "identity_schema_version": 0,
          "identity": {
            "account_id": "967054606332",
            "bucket": "riwajlogbucket836254352",
            "region": "us-east-1"
          },
          "private": "bnVsbA==",
          "dependencies": [
            "module.Ec2_infrastructure.aws_s3_bucket.logbucket",
            "module.Ec2_infrastructure.aws_s3_bucket.main_bucket",
            "module.Ec2_infrastructure.aws_s3_bucket_public_access_block.block_public_log",
            "module.Ec2_infrastructure.data.aws_caller_identity.current",
            "module.Ec2_infrastructure.data.aws_iam_policy_document.log_bucket_policy"
          ]
        }
      ]
    },
    {
      "module": "module.Ec2_infrastructure",
      "mode": "managed",
      "type": "aws_s3_bucket_public_access_block",
      "name": "block_public_log",
      "provider": "module.Ec2_infrastructure.provider[\"registry.terraform.io/hashicorp/aws\"]",
      "instances": [
        {
          "schema_version": 0,
          "attributes": {
            "block_public_acls": true,
            "block_public_policy": true,
            "bucket": "riwajlogbucket836254352",
            "id": "riwajlogbucket836254352",
            "ignore_public_acls": true,
            "region": "us-east-1",
            "restrict_public_buckets": true,
            "skip_destroy": null
          },
          "sensitive_attributes": [],
          "identity_schema_version": 0,
          "identity": {
            "account_id": "967054606332",
            "bucket": "riwajlogbucket836254352",
            "region": "us-east-1"
          },
          "private": "bnVsbA==",
          "dependencies": [
            "module.Ec2_infrastructure.aws_s3_bucket.logbucket"
          ]
        }
      ]
    },
    {
      "module": "module.Ec2_infrastructure",
      "mode": "managed",
      "type": "aws_s3_bucket_public_access_block",
      "name": "block_public_main",
      "provider": "module.Ec2_infrastructure.provider[\"registry.terraform.io/hashicorp/aws\"]",
      "instances": [
        {
          "schema_version": 0,
          "attributes": {
            "block_public_acls": true,
            "block_public_policy": true,
            "bucket": "riwajmainbucket836254352",
            "id": "riwajmainbucket836254352",
            "ignore_public_acls": true,
            "region": "us-east-1",
            "restrict_public_buckets": true,
            "skip_destroy": null
          },
          "sensitive_attributes": [],
          "identity_schema_version": 0,
          "identity": {
            "account_id": "967054606332",
            "bucket": "riwajmainbucket836254352",
            "region": "us-east-1"
          },
          "private": "bnVsbA==",
          "dependencies": [
            "module.Ec2_infrastructure.aws_s3_bucket.main_bucket"
          ]
        }
      ]
    },
    {
      "module": "module.Ec2_infrastructure",
      "mode": "managed",
      "type": "aws_s3_bucket_server_side_encryption_configuration",
      "name": "SSE_log",
      "provider": "module.Ec2_infrastructure.provider[\"registry.terraform.io/hashicorp/aws\"]",
      "instances": [
        {
          "schema_version": 0,
          "attributes": {
            "bucket": "riwajlogbucket836254352",
            "expected_bucket_owner": "",
            "id": "riwajlogbucket836254352",
            "region": "us-east-1",
            "rule": [
              {
                "apply_server_side_encryption_by_default": [
                  {
                    "kms_master_key_id": "",
                    "sse_algorithm": "AES256"
                  }
                ],
                "blocked_encryption_types": [],
                "bucket_key_enabled": null
              }
            ]
          },
          "sensitive_attributes": [],
          "identity_schema_version": 0,
          "identity": {
            "account_id": "967054606332",
            "bucket": "riwajlogbucket836254352",
            "expected_bucket_owner": null,
            "region": "us-east-1"
          },
          "private": "bnVsbA==",
          "dependencies": [
            "module.Ec2_infrastructure.aws_s3_bucket.logbucket"
          ]
        }
      ]
    },
    {
      "module": "module.Ec2_infrastructure",
      "mode": "managed",
      "type": "aws_s3_bucket_server_side_encryption_configuration",
      "name": "SSE_main",
      "provider": "module.Ec2_infrastructure.provider[\"registry.terraform.io/hashicorp/aws\"]",
      "instances": [
        {
          "schema_version": 0,
          "attributes": {
            "bucket": "riwajmainbucket836254352",
            "expected_bucket_owner": "",
            "id": "riwajmainbucket836254352",
            "region": "us-east-1",
            "rule": [
              {
                "apply_server_side_encryption_by_default": [
                  {
                    "kms_master_key_id": "",
                    "sse_algorithm": "AES256"
                  }
                ],
                "blocked_encryption_types": [],
                "bucket_key_enabled": null
              }
            ]
          },
          "sensitive_attributes": [],
          "identity_schema_version": 0,
          "identity": {
            "account_id": "967054606332",
            "bucket": "riwajmainbucket836254352",
            "expected_bucket_owner": null,
            "region": "us-east-1"
          },
          "private": "bnVsbA==",
          "dependencies": [
            "module.Ec2_infrastructure.aws_s3_bucket.main_bucket"
          ]
        }
      ]
    },
    {
      "module": "module.Ec2_infrastructure",
      "mode": "managed",
      "type": "aws_s3_bucket_versioning",
      "name": "version_log",
      "provider": "module.Ec2_infrastructure.provider[\"registry.terraform.io/hashicorp/aws\"]",
      "instances": [
        {
          "schema_version": 0,
          "attributes": {
            "bucket": "riwajlogbucket836254352",
            "expected_bucket_owner": "",
            "id": "riwajlogbucket836254352",
            "mfa": null,
            "region": "us-east-1",
            "versioning_configuration": [
              {
                "mfa_delete": "",
                "status": "Enabled"
              }
            ]
          },
          "sensitive_attributes": [],
          "identity_schema_version": 0,
          "identity": {
            "account_id": "967054606332",
            "bucket": "riwajlogbucket836254352",
            "expected_bucket_owner": null,
            "region": "us-east-1"
          },
          "private": "bnVsbA==",
          "dependencies": [
            "module.Ec2_infrastructure.aws_s3_bucket.logbucket"
          ]
        }
      ]
    },
    {
      "module": "module.Ec2_infrastructure",
      "mode": "managed",
      "type": "aws_s3_bucket_versioning",
      "name": "version_main",
      "provider": "module.Ec2_infrastructure.provider[\"registry.terraform.io/hashicorp/aws\"]",
      "instances": [
        {
          "schema_version": 0,
          "attributes": {
            "bucket": "riwajmainbucket836254352",
            "expected_bucket_owner": "",
            "id": "riwajmainbucket836254352",
            "mfa": null,
            "region": "us-east-1",
            "versioning_configuration": [
              {
                "mfa_delete": "",
                "status": "Enabled"
              }
            ]
          },
          "sensitive_attributes": [],
          "identity_schema_version": 0,
          "identity": {
            "account_id": "967054606332",
            "bucket": "riwajmainbucket836254352",
            "expected_bucket_owner": null,
            "region": "us-east-1"
          },
          "private": "bnVsbA==",
          "dependencies": [
            "module.Ec2_infrastructure.aws_s3_bucket.main_bucket"
          ]
        }
      ]
    },
    {
      "module": "module.Ec2_infrastructure",
      "mode": "managed",
      "type": "aws_security_group",
      "name": "EC2SG",
      "provider": "module.Ec2_infrastructure.provider[\"registry.terraform.io/hashicorp/aws\"]",
      "instances": [
        {
          "schema_version": 1,
          "attributes": {
            "arn": "arn:aws:ec2:us-east-1:967054606332:security-group/sg-0b5b906391e8c27c6",
            "description": "Managed by Terraform",
            "egress": [
              {
                "cidr_blocks": [
                  "0.0.0.0/0"
                ],
                "description": "",
                "from_port": 0,
                "ipv6_cidr_blocks": [],
                "prefix_list_ids": [],
                "protocol": "-1",
                "security_groups": [],
                "self": false,
                "to_port": 0
              }
            ],
            "id": "sg-0b5b906391e8c27c6",
            "ingress": [
              {
                "cidr_blocks": [
                  "0.0.0.0/0"
                ],
                "description": "",
                "from_port": 22,
                "ipv6_cidr_blocks": [],
                "prefix_list_ids": [],
                "protocol": "tcp",
                "security_groups": [],
                "self": false,
                "to_port": 22
              }
            ],
            "name": "EC2SG",
            "name_prefix": "",
            "owner_id": "967054606332",
            "region": "us-east-1",
            "revoke_rules_on_delete": false,
            "tags": {
              "Name": "EC2SG"
            },
            "tags_all": {
              "Name": "EC2SG"
            },
            "timeouts": null,
            "vpc_id": "vpc-0b7d806def4a46cab"
          },
          "sensitive_attributes": [],
          "identity_schema_version": 0,
          "identity": {
            "account_id": "967054606332",
            "id": "sg-0b5b906391e8c27c6",
            "region": "us-east-1"
          },
          "private": "eyJlMmJmYjczMC1lY2FhLTExZTYtOGY4OC0zNDM2M2JjN2M0YzAiOnsiY3JlYXRlIjo2MDAwMDAwMDAwMDAsImRlbGV0ZSI6OTAwMDAwMDAwMDAwfSwic2NoZW1hX3ZlcnNpb24iOiIxIn0=",
          "dependencies": [
            "module.Ec2_infrastructure.aws_vpc.EC2_VPC"
          ]
        }
      ]
    },
    {
      "module": "module.Ec2_infrastructure",
      "mode": "managed",
      "type": "aws_subnet",
      "name": "EC2_subnet",
      "provider": "module.Ec2_infrastructure.provider[\"registry.terraform.io/hashicorp/aws\"]",
      "instances": [
        {
          "schema_version": 1,
          "attributes": {
            "arn": "arn:aws:ec2:us-east-1:967054606332:subnet/subnet-0a7df25e3f294620a",
            "assign_ipv6_address_on_creation": false,
            "availability_zone": "us-east-1a",
            "availability_zone_id": "use1-az1",
            "cidr_block": "10.0.1.0/24",
            "customer_owned_ipv4_pool": "",
            "enable_dns64": false,
            "enable_lni_at_device_index": 0,
            "enable_resource_name_dns_a_record_on_launch": false,
            "enable_resource_name_dns_aaaa_record_on_launch": false,
            "id": "subnet-0a7df25e3f294620a",
            "ipv6_cidr_block": "",
            "ipv6_cidr_block_association_id": "",
            "ipv6_native": false,
            "map_customer_owned_ip_on_launch": false,
            "map_public_ip_on_launch": true,
            "outpost_arn": "",
            "owner_id": "967054606332",
            "private_dns_hostname_type_on_launch": "ip-name",
            "region": "us-east-1",
            "tags": {
              "Name": "EC2-subnet"
            },
            "tags_all": {
              "Name": "EC2-subnet"
            },
            "timeouts": null,
            "vpc_id": "vpc-0b7d806def4a46cab"
          },
          "sensitive_attributes": [],
          "identity_schema_version": 0,
          "identity": {
            "account_id": "967054606332",
            "id": "subnet-0a7df25e3f294620a",
            "region": "us-east-1"
          },
          "private": "eyJlMmJmYjczMC1lY2FhLTExZTYtOGY4OC0zNDM2M2JjN2M0YzAiOnsiY3JlYXRlIjo2MDAwMDAwMDAwMDAsImRlbGV0ZSI6MTIwMDAwMDAwMDAwMH0sInNjaGVtYV92ZXJzaW9uIjoiMSJ9",
          "dependencies": [
            "module.Ec2_infrastructure.aws_vpc.EC2_VPC"
          ]
        }
      ]
    },
    {
      "module": "module.Ec2_infrastructure",
      "mode": "managed",
      "type": "aws_vpc",
      "name": "EC2_VPC",
      "provider": "module.Ec2_infrastructure.provider[\"registry.terraform.io/hashicorp/aws\"]",
      "instances": [
        {
          "schema_version": 1,
          "attributes": {
            "arn": "arn:aws:ec2:us-east-1:967054606332:vpc/vpc-0b7d806def4a46cab",
            "assign_generated_ipv6_cidr_block": false,
            "cidr_block": "10.0.0.0/16",
            "default_network_acl_id": "acl-056cd867c54e11aef",
            "default_route_table_id": "rtb-0c6acf7db6fca15ce",
            "default_security_group_id": "sg-09eb47e8243e00169",
            "dhcp_options_id": "dopt-0ace94393604fd1d6",
            "enable_dns_hostnames": false,
            "enable_dns_support": true,
            "enable_network_address_usage_metrics": false,
            "id": "vpc-0b7d806def4a46cab",
            "instance_tenancy": "default",
            "ipv4_ipam_pool_id": null,
            "ipv4_netmask_length": null,
            "ipv6_association_id": "",
            "ipv6_cidr_block": "",
            "ipv6_cidr_block_network_border_group": "",
            "ipv6_ipam_pool_id": "",
            "ipv6_netmask_length": 0,
            "main_route_table_id": "rtb-0c6acf7db6fca15ce",
            "owner_id": "967054606332",
            "region": "us-east-1",
            "tags": {
              "Name": "EC2_VPC"
            },
            "tags_all": {
              "Name": "EC2_VPC"
            }
          },
          "sensitive_attributes": [],
          "identity_schema_version": 0,
          "identity": {
            "account_id": "967054606332",
            "id": "vpc-0b7d806def4a46cab",
            "region": "us-east-1"
          },
          "private": "eyJzY2hlbWFfdmVyc2lvbiI6IjEifQ=="
        }
      ]
    }
  ],
  "check_results": [
    {
      "object_kind": "var",
      "config_addr": "var.instance_type",
      "status": "pass",
      "objects": [
        {
          "object_addr": "var.instance_type",
          "status": "pass"
        }
      ]
    },
    {
      "object_kind": "var",
      "config_addr": "module.Ec2_infrastructure.var.availability_zone",
      "status": "pass",
      "objects": [
        {
          "object_addr": "module.Ec2_infrastructure.var.availability_zone",
          "status": "pass"
        }
      ]
    },
    {
      "object_kind": "var",
      "config_addr": "module.Ec2_infrastructure.var.instance_type",
      "status": "pass",
      "objects": [
        {
          "object_addr": "module.Ec2_infrastructure.var.instance_type",
          "status": "pass"
        }
      ]
    }
  ]
}
